
Microsoft Visual Studio Solution File, Format Version 12.00
# Visual Studio 15
VisualStudioVersion = 15.0.28307.1433
MinimumVisualStudioVersion = 10.0.40219.1
Project("{FAE04EC0-301F-11D3-BF4B-00C04F79EFBC}") = "testprojjsonframework", "testprojjsonframework\testprojjsonframework.csproj", "{69FBC708-1A2E-4FEB-9FA0-06CBAA5BC0F6}"
EndProject
Project("{FAE04EC0-301F-11D3-BF4B-00C04F79EFBC}") = "JSONFw", "JSONFw\JSONFw.csproj", "{9F6DB704-F757-416F-A46E-03FC062B4939}"
EndProject
Global
	GlobalSection(SolutionConfigurationPlatforms) = preSolution
		Debug|Any CPU = Debug|Any CPU
		Release|Any CPU = Release|Any CPU
	EndGlobalSection
	GlobalSection(ProjectConfigurationPlatforms) = postSolution
		{69FBC708-1A2E-4FEB-9FA0-06CBAA5BC0F6}.Debug|Any CPU.ActiveCfg = Debug|Any CPU
		{69FBC708-1A2E-4FEB-9FA0-06CBAA5BC0F6}.Debug|Any CPU.Build.0 = Debug|Any CPU
		{69FBC708-1A2E-4FEB-9FA0-06CBAA5BC0F6}.Release|Any CPU.ActiveCfg = Release|Any CPU
		{69FBC708-1A2E-4FEB-9FA0-06CBAA5BC0F6}.Release|Any CPU.Build.0 = Release|Any CPU
		{9F6DB704-F757-416F-A46E-03FC062B4939}.Debug|Any CPU.ActiveCfg = Debug|Any CPU
		{9F6DB704-F757-416F-A46E-03FC062B4939}.Debug|Any CPU.Build.0 = Debug|Any CPU
		{9F6DB704-F757-416F-A46E-03FC062B4939}.Release|Any CPU.ActiveCfg = Release|Any CPU
		{9F6DB704-F757-416F-A46E-03FC062B4939}.Release|Any CPU.Build.0 = Release|Any CPU
	EndGlobalSection
	GlobalSection(SolutionProperties) = preSolution
		HideSolutionNode = FALSE
	EndGlobalSection
	GlobalSection(ExtensibilityGlobals) = postSolution
		SolutionGuid = {7D84EF47-A678-4496-BF8B-11ED7ABDB83A}
	EndGlobalSection
EndGlobal
